
Microsoft Visual Studio Solution File, Format Version 12.00
# Visual Studio Version 17
VisualStudioVersion = 17.1.32210.238
MinimumVisualStudioVersion = 10.0.40219.1
Project("{9A19103F-16F7-4668-BE54-9A1E7A4F7556}") = "WebLibraryApp.DAL", "WebLibraryApp.DAL\WebLibraryApp.DAL.csproj", "{6C522D87-F76A-4844-972C-C7F1B5B0FE5D}"
EndProject
Project("{9A19103F-16F7-4668-BE54-9A1E7A4F7556}") = "WebLibraryApp.BLL", "BLL\WebLibraryApp.BLL.csproj", "{15B38BD7-B347-4AFD-8A5C-FFE1E97B5F68}"
EndProject
Global
	GlobalSection(SolutionConfigurationPlatforms) = preSolution
		Debug|Any CPU = Debug|Any CPU
		Release|Any CPU = Release|Any CPU
	EndGlobalSection
	GlobalSection(ProjectConfigurationPlatforms) = postSolution
		{6C522D87-F76A-4844-972C-C7F1B5B0FE5D}.Debug|Any CPU.ActiveCfg = Debug|Any CPU
		{6C522D87-F76A-4844-972C-C7F1B5B0FE5D}.Debug|Any CPU.Build.0 = Debug|Any CPU
		{6C522D87-F76A-4844-972C-C7F1B5B0FE5D}.Release|Any CPU.ActiveCfg = Release|Any CPU
		{6C522D87-F76A-4844-972C-C7F1B5B0FE5D}.Release|Any CPU.Build.0 = Release|Any CPU
		{15B38BD7-B347-4AFD-8A5C-FFE1E97B5F68}.Debug|Any CPU.ActiveCfg = Debug|Any CPU
		{15B38BD7-B347-4AFD-8A5C-FFE1E97B5F68}.Debug|Any CPU.Build.0 = Debug|Any CPU
		{15B38BD7-B347-4AFD-8A5C-FFE1E97B5F68}.Release|Any CPU.ActiveCfg = Release|Any CPU
		{15B38BD7-B347-4AFD-8A5C-FFE1E97B5F68}.Release|Any CPU.Build.0 = Release|Any CPU
	EndGlobalSection
	GlobalSection(SolutionProperties) = preSolution
		HideSolutionNode = FALSE
	EndGlobalSection
	GlobalSection(ExtensibilityGlobals) = postSolution
		SolutionGuid = {C69A5DDC-A832-4CC5-93C3-51C465FB135F}
	EndGlobalSection
EndGlobal
